{
  "version": "v1",
  "packages": {
    "handlebars-helpers-browserify-example": {
      "signature": "e7e906b2be4196bd60a5e4be944511cf",
      "file": true
    },
    "handlebars-helpers": {
      "signature": "970abf2d3ac4c07250d02ee4701abdbd",
      "file": true,
      "replaced": "0.10.0"
    },
    "@fantajeon/handlebars-helpers": {
      "signature": "1f910b8c4dbb76667d5fe8eb6bf8449e",
      "file": true
    },
    "@google/dscc-scripts": {
      "signature": "4b3c13dd83b478a0b870053876d3d1a2",
      "file": true,
      "replaced": "^1.0.17"
    },
    "@google/dscc-validation": {
      "signature": "80feb51415df1a00c9a951bd7e32b6c4",
      "file": true,
      "replaced": "^1.0.4"
    },
    "@google/dscc-gen": {
      "signature": "34e41ff201d887d1ec8eabadcd14fb06",
      "file": true,
      "replaced": "^2.0.31"
    }
  }
}